// !$*UTF8*$!
{
	archiveVersion = 1;
	classes = {
	};
	objectVersion = 55;
	objects = {

/* Begin PBXBuildFile section */
		56AFBE93298FB4EA00A2430D /* SwiftUiUberApp.swift in Sources */ = {isa = PBXBuildFile; fileRef = 56AFBE92298FB4EA00A2430D /* SwiftUiUberApp.swift */; };
		56AFBE95298FB4EA00A2430D /* HomeView.swift in Sources */ = {isa = PBXBuildFile; fileRef = 56AFBE94298FB4EA00A2430D /* HomeView.swift */; };
		56AFBE97298FB4EB00A2430D /* Assets.xcassets in Resources */ = {isa = PBXBuildFile; fileRef = 56AFBE96298FB4EB00A2430D /* Assets.xcassets */; };
		56AFBE9A298FB4EB00A2430D /* Preview Assets.xcassets in Resources */ = {isa = PBXBuildFile; fileRef = 56AFBE99298FB4EB00A2430D /* Preview Assets.xcassets */; };
		56AFBE9C298FB4EB00A2430D /* Persistence.swift in Sources */ = {isa = PBXBuildFile; fileRef = 56AFBE9B298FB4EB00A2430D /* Persistence.swift */; };
		56AFBE9F298FB4EB00A2430D /* SwiftUiUber.xcdatamodeld in Sources */ = {isa = PBXBuildFile; fileRef = 56AFBE9D298FB4EB00A2430D /* SwiftUiUber.xcdatamodeld */; };
		56AFBEAD298FB64F00A2430D /* UberMapViewRepresentable.swift in Sources */ = {isa = PBXBuildFile; fileRef = 56AFBEAC298FB64F00A2430D /* UberMapViewRepresentable.swift */; };
		56AFBEAF298FBBB800A2430D /* LocationManager.swift in Sources */ = {isa = PBXBuildFile; fileRef = 56AFBEAE298FBBB800A2430D /* LocationManager.swift */; };
		56AFBEB5298FCD9B00A2430D /* LocationSearchActivationView.swift in Sources */ = {isa = PBXBuildFile; fileRef = 56AFBEB4298FCD9B00A2430D /* LocationSearchActivationView.swift */; };
		56AFBEB7298FCF2300A2430D /* MapViewActionButton.swift in Sources */ = {isa = PBXBuildFile; fileRef = 56AFBEB6298FCF2300A2430D /* MapViewActionButton.swift */; };
		56AFBEB9298FE1EB00A2430D /* LocationSearchView.swift in Sources */ = {isa = PBXBuildFile; fileRef = 56AFBEB8298FE1EB00A2430D /* LocationSearchView.swift */; };
		56AFBEBB298FE50400A2430D /* LocationSearchResultCell.swift in Sources */ = {isa = PBXBuildFile; fileRef = 56AFBEBA298FE50400A2430D /* LocationSearchResultCell.swift */; };
		56AFBEBD2990C12700A2430D /* LocationSearchViewModel.swift in Sources */ = {isa = PBXBuildFile; fileRef = 56AFBEBC2990C12700A2430D /* LocationSearchViewModel.swift */; };
		56B3C3762993FC00004F986E /* MapViewState.swift in Sources */ = {isa = PBXBuildFile; fileRef = 56B3C3752993FC00004F986E /* MapViewState.swift */; };
		56BA3A322999EFC30040E2BF /* RideRequestView.swift in Sources */ = {isa = PBXBuildFile; fileRef = 56BA3A312999EFC30040E2BF /* RideRequestView.swift */; };
/* End PBXBuildFile section */

/* Begin PBXFileReference section */
		56AFBE8F298FB4EA00A2430D /* SwiftUiUber.app */ = {isa = PBXFileReference; explicitFileType = wrapper.application; includeInIndex = 0; path = SwiftUiUber.app; sourceTree = BUILT_PRODUCTS_DIR; };
		56AFBE92298FB4EA00A2430D /* SwiftUiUberApp.swift */ = {isa = PBXFileReference; lastKnownFileType = sourcecode.swift; path = SwiftUiUberApp.swift; sourceTree = "<group>"; };
		56AFBE94298FB4EA00A2430D /* HomeView.swift */ = {isa = PBXFileReference; lastKnownFileType = sourcecode.swift; path = HomeView.swift; sourceTree = "<group>"; };
		56AFBE96298FB4EB00A2430D /* Assets.xcassets */ = {isa = PBXFileReference; lastKnownFileType = folder.assetcatalog; path = Assets.xcassets; sourceTree = "<group>"; };
		56AFBE99298FB4EB00A2430D /* Preview Assets.xcassets */ = {isa = PBXFileReference; lastKnownFileType = folder.assetcatalog; path = "Preview Assets.xcassets"; sourceTree = "<group>"; };
		56AFBE9B298FB4EB00A2430D /* Persistence.swift */ = {isa = PBXFileReference; lastKnownFileType = sourcecode.swift; path = Persistence.swift; sourceTree = "<group>"; };
		56AFBE9E298FB4EB00A2430D /* SwiftUiUber.xcdatamodel */ = {isa = PBXFileReference; lastKnownFileType = wrapper.xcdatamodel; path = SwiftUiUber.xcdatamodel; sourceTree = "<group>"; };
		56AFBEAC298FB64F00A2430D /* UberMapViewRepresentable.swift */ = {isa = PBXFileReference; lastKnownFileType = sourcecode.swift; path = UberMapViewRepresentable.swift; sourceTree = "<group>"; };
		56AFBEAE298FBBB800A2430D /* LocationManager.swift */ = {isa = PBXFileReference; lastKnownFileType = sourcecode.swift; path = LocationManager.swift; sourceTree = "<group>"; };
		56AFBEB4298FCD9B00A2430D /* LocationSearchActivationView.swift */ = {isa = PBXFileReference; lastKnownFileType = sourcecode.swift; path = LocationSearchActivationView.swift; sourceTree = "<group>"; };
		56AFBEB6298FCF2300A2430D /* MapViewActionButton.swift */ = {isa = PBXFileReference; lastKnownFileType = sourcecode.swift; path = MapViewActionButton.swift; sourceTree = "<group>"; };
		56AFBEB8298FE1EB00A2430D /* LocationSearchView.swift */ = {isa = PBXFileReference; lastKnownFileType = sourcecode.swift; path = LocationSearchView.swift; sourceTree = "<group>"; };
		56AFBEBA298FE50400A2430D /* LocationSearchResultCell.swift */ = {isa = PBXFileReference; lastKnownFileType = sourcecode.swift; path = LocationSearchResultCell.swift; sourceTree = "<group>"; };
		56AFBEBC2990C12700A2430D /* LocationSearchViewModel.swift */ = {isa = PBXFileReference; lastKnownFileType = sourcecode.swift; path = LocationSearchViewModel.swift; sourceTree = "<group>"; };
		56B3C3752993FC00004F986E /* MapViewState.swift */ = {isa = PBXFileReference; lastKnownFileType = sourcecode.swift; path = MapViewState.swift; sourceTree = "<group>"; };
		56BA3A312999EFC30040E2BF /* RideRequestView.swift */ = {isa = PBXFileReference; lastKnownFileType = sourcecode.swift; path = RideRequestView.swift; sourceTree = "<group>"; };
/* End PBXFileReference section */

/* Begin PBXFrameworksBuildPhase section */
		56AFBE8C298FB4EA00A2430D /* Frameworks */ = {
			isa = PBXFrameworksBuildPhase;
			buildActionMask = 2147483647;
			files = (
			);
			runOnlyForDeploymentPostprocessing = 0;
		};
/* End PBXFrameworksBuildPhase section */

/* Begin PBXGroup section */
		56AFBE86298FB4EA00A2430D = {
			isa = PBXGroup;
			children = (
				56AFBE91298FB4EA00A2430D /* SwiftUiUber */,
				56AFBE90298FB4EA00A2430D /* Products */,
			);
			sourceTree = "<group>";
		};
		56AFBE90298FB4EA00A2430D /* Products */ = {
			isa = PBXGroup;
			children = (
				56AFBE8F298FB4EA00A2430D /* SwiftUiUber.app */,
			);
			name = Products;
			sourceTree = "<group>";
		};
		56AFBE91298FB4EA00A2430D /* SwiftUiUber */ = {
			isa = PBXGroup;
			children = (
				56AFBEA9298FB55A00A2430D /* Managers */,
				56AFBEA8298FB54700A2430D /* Models */,
				56AFBEA7298FB53F00A2430D /* Extensions */,
				56AFBEA6298FB53900A2430D /* Core */,
				56AFBEA5298FB53000A2430D /* App */,
				56AFBE92298FB4EA00A2430D /* SwiftUiUberApp.swift */,
				56AFBE96298FB4EB00A2430D /* Assets.xcassets */,
				56AFBE9B298FB4EB00A2430D /* Persistence.swift */,
				56AFBE9D298FB4EB00A2430D /* SwiftUiUber.xcdatamodeld */,
				56AFBE98298FB4EB00A2430D /* Preview Content */,
			);
			path = SwiftUiUber;
			sourceTree = "<group>";
		};
		56AFBE98298FB4EB00A2430D /* Preview Content */ = {
			isa = PBXGroup;
			children = (
				56AFBE99298FB4EB00A2430D /* Preview Assets.xcassets */,
			);
			path = "Preview Content";
			sourceTree = "<group>";
		};
		56AFBEA5298FB53000A2430D /* App */ = {
			isa = PBXGroup;
			children = (
			);
			path = App;
			sourceTree = "<group>";
		};
		56AFBEA6298FB53900A2430D /* Core */ = {
			isa = PBXGroup;
			children = (
				56BA3A302999EF920040E2BF /* Trips */,
				56AFBEB1298FCD2800A2430D /* LocationSearch */,
				56AFBEB0298FCCEE00A2430D /* Home */,
			);
			path = Core;
			sourceTree = "<group>";
		};
		56AFBEA7298FB53F00A2430D /* Extensions */ = {
			isa = PBXGroup;
			children = (
			);
			path = Extensions;
			sourceTree = "<group>";
		};
		56AFBEA8298FB54700A2430D /* Models */ = {
			isa = PBXGroup;
			children = (
				56B3C3752993FC00004F986E /* MapViewState.swift */,
			);
			path = Models;
			sourceTree = "<group>";
		};
		56AFBEA9298FB55A00A2430D /* Managers */ = {
			isa = PBXGroup;
			children = (
				56AFBEAE298FBBB800A2430D /* LocationManager.swift */,
			);
			path = Managers;
			sourceTree = "<group>";
		};
		56AFBEAA298FB56600A2430D /* ViewModels */ = {
			isa = PBXGroup;
			children = (
			);
			path = ViewModels;
			sourceTree = "<group>";
		};
		56AFBEAB298FB56E00A2430D /* Views */ = {
			isa = PBXGroup;
			children = (
				56AFBE94298FB4EA00A2430D /* HomeView.swift */,
				56AFBEAC298FB64F00A2430D /* UberMapViewRepresentable.swift */,
				56AFBEB6298FCF2300A2430D /* MapViewActionButton.swift */,
			);
			path = Views;
			sourceTree = "<group>";
		};
		56AFBEB0298FCCEE00A2430D /* Home */ = {
			isa = PBXGroup;
			children = (
				56AFBEAB298FB56E00A2430D /* Views */,
				56AFBEAA298FB56600A2430D /* ViewModels */,
			);
			path = Home;
			sourceTree = "<group>";
		};
		56AFBEB1298FCD2800A2430D /* LocationSearch */ = {
			isa = PBXGroup;
			children = (
				56AFBEB3298FCD3700A2430D /* Views */,
				56AFBEB2298FCD2F00A2430D /* ViewModel */,
			);
			path = LocationSearch;
			sourceTree = "<group>";
		};
		56AFBEB2298FCD2F00A2430D /* ViewModel */ = {
			isa = PBXGroup;
			children = (
				56AFBEBC2990C12700A2430D /* LocationSearchViewModel.swift */,
			);
			path = ViewModel;
			sourceTree = "<group>";
		};
		56AFBEB3298FCD3700A2430D /* Views */ = {
			isa = PBXGroup;
			children = (
				56AFBEB4298FCD9B00A2430D /* LocationSearchActivationView.swift */,
				56AFBEB8298FE1EB00A2430D /* LocationSearchView.swift */,
				56AFBEBA298FE50400A2430D /* LocationSearchResultCell.swift */,
			);
			path = Views;
			sourceTree = "<group>";
		};
		56BA3A302999EF920040E2BF /* Trips */ = {
			isa = PBXGroup;
			children = (
				56BA3A312999EFC30040E2BF /* RideRequestView.swift */,
			);
			path = Trips;
			sourceTree = "<group>";
		};
/* End PBXGroup section */

/* Begin PBXNativeTarget section */
		56AFBE8E298FB4EA00A2430D /* SwiftUiUber */ = {
			isa = PBXNativeTarget;
			buildConfigurationList = 56AFBEA2298FB4EB00A2430D /* Build configuration list for PBXNativeTarget "SwiftUiUber" */;
			buildPhases = (
				56AFBE8B298FB4EA00A2430D /* Sources */,
				56AFBE8C298FB4EA00A2430D /* Frameworks */,
				56AFBE8D298FB4EA00A2430D /* Resources */,
			);
			buildRules = (
			);
			dependencies = (
			);
			name = SwiftUiUber;
			productName = SwiftUiUber;
			productReference = 56AFBE8F298FB4EA00A2430D /* SwiftUiUber.app */;
			productType = "com.apple.product-type.application";
		};
/* End PBXNativeTarget section */

/* Begin PBXProject section */
		56AFBE87298FB4EA00A2430D /* Project object */ = {
			isa = PBXProject;
			attributes = {
				BuildIndependentTargetsInParallel = 1;
				LastSwiftUpdateCheck = 1340;
				LastUpgradeCheck = 1340;
				TargetAttributes = {
					56AFBE8E298FB4EA00A2430D = {
						CreatedOnToolsVersion = 13.4;
					};
				};
			};
			buildConfigurationList = 56AFBE8A298FB4EA00A2430D /* Build configuration list for PBXProject "SwiftUiUber" */;
			compatibilityVersion = "Xcode 13.0";
			developmentRegion = en;
			hasScannedForEncodings = 0;
			knownRegions = (
				en,
				Base,
			);
			mainGroup = 56AFBE86298FB4EA00A2430D;
			productRefGroup = 56AFBE90298FB4EA00A2430D /* Products */;
			projectDirPath = "";
			projectRoot = "";
			targets = (
				56AFBE8E298FB4EA00A2430D /* SwiftUiUber */,
			);
		};
/* End PBXProject section */

/* Begin PBXResourcesBuildPhase section */
		56AFBE8D298FB4EA00A2430D /* Resources */ = {
			isa = PBXResourcesBuildPhase;
			buildActionMask = 2147483647;
			files = (
				56AFBE9A298FB4EB00A2430D /* Preview Assets.xcassets in Resources */,
				56AFBE97298FB4EB00A2430D /* Assets.xcassets in Resources */,
			);
			runOnlyForDeploymentPostprocessing = 0;
		};
/* End PBXResourcesBuildPhase section */

/* Begin PBXSourcesBuildPhase section */
		56AFBE8B298FB4EA00A2430D /* Sources */ = {
			isa = PBXSourcesBuildPhase;
			buildActionMask = 2147483647;
			files = (
				56AFBE9C298FB4EB00A2430D /* Persistence.swift in Sources */,
				56AFBE9F298FB4EB00A2430D /* SwiftUiUber.xcdatamodeld in Sources */,
				56AFBEAF298FBBB800A2430D /* LocationManager.swift in Sources */,
				56BA3A322999EFC30040E2BF /* RideRequestView.swift in Sources */,
				56B3C3762993FC00004F986E /* MapViewState.swift in Sources */,
				56AFBEBB298FE50400A2430D /* LocationSearchResultCell.swift in Sources */,
				56AFBE95298FB4EA00A2430D /* HomeView.swift in Sources */,
				56AFBEBD2990C12700A2430D /* LocationSearchViewModel.swift in Sources */,
				56AFBE93298FB4EA00A2430D /* SwiftUiUberApp.swift in Sources */,
				56AFBEAD298FB64F00A2430D /* UberMapViewRepresentable.swift in Sources */,
				56AFBEB5298FCD9B00A2430D /* LocationSearchActivationView.swift in Sources */,
				56AFBEB9298FE1EB00A2430D /* LocationSearchView.swift in Sources */,
				56AFBEB7298FCF2300A2430D /* MapViewActionButton.swift in Sources */,
			);
			runOnlyForDeploymentPostprocessing = 0;
		};
/* End PBXSourcesBuildPhase section */

/* Begin XCBuildConfiguration section */
		56AFBEA0298FB4EB00A2430D /* Debug */ = {
			isa = XCBuildConfiguration;
			buildSettings = {
				ALWAYS_SEARCH_USER_PATHS = NO;
				CLANG_ANALYZER_NONNULL = YES;
				CLANG_ANALYZER_NUMBER_OBJECT_CONVERSION = YES_AGGRESSIVE;
				CLANG_CXX_LANGUAGE_STANDARD = "gnu++17";
				CLANG_ENABLE_MODULES = YES;
				CLANG_ENABLE_OBJC_ARC = YES;
				CLANG_ENABLE_OBJC_WEAK = YES;
				CLANG_WARN_BLOCK_CAPTURE_AUTORELEASING = YES;
				CLANG_WARN_BOOL_CONVERSION = YES;
				CLANG_WARN_COMMA = YES;
				CLANG_WARN_CONSTANT_CONVERSION = YES;
				CLANG_WARN_DEPRECATED_OBJC_IMPLEMENTATIONS = YES;
				CLANG_WARN_DIRECT_OBJC_ISA_USAGE = YES_ERROR;
				CLANG_WARN_DOCUMENTATION_COMMENTS = YES;
				CLANG_WARN_EMPTY_BODY = YES;
				CLANG_WARN_ENUM_CONVERSION = YES;
				CLANG_WARN_INFINITE_RECURSION = YES;
				CLANG_WARN_INT_CONVERSION = YES;
				CLANG_WARN_NON_LITERAL_NULL_CONVERSION = YES;
				CLANG_WARN_OBJC_IMPLICIT_RETAIN_SELF = YES;
				CLANG_WARN_OBJC_LITERAL_CONVERSION = YES;
				CLANG_WARN_OBJC_ROOT_CLASS = YES_ERROR;
				CLANG_WARN_QUOTED_INCLUDE_IN_FRAMEWORK_HEADER = YES;
				CLANG_WARN_RANGE_LOOP_ANALYSIS = YES;
				CLANG_WARN_STRICT_PROTOTYPES = YES;
				CLANG_WARN_SUSPICIOUS_MOVE = YES;
				CLANG_WARN_UNGUARDED_AVAILABILITY = YES_AGGRESSIVE;
				CLANG_WARN_UNREACHABLE_CODE = YES;
				CLANG_WARN__DUPLICATE_METHOD_MATCH = YES;
				COPY_PHASE_STRIP = NO;
				DEBUG_INFORMATION_FORMAT = dwarf;
				ENABLE_STRICT_OBJC_MSGSEND = YES;
				ENABLE_TESTABILITY = YES;
				GCC_C_LANGUAGE_STANDARD = gnu11;
				GCC_DYNAMIC_NO_PIC = NO;
				GCC_NO_COMMON_BLOCKS = YES;
				GCC_OPTIMIZATION_LEVEL = 0;
				GCC_PREPROCESSOR_DEFINITIONS = (
					"DEBUG=1",
					"$(inherited)",
				);
				GCC_WARN_64_TO_32_BIT_CONVERSION = YES;
				GCC_WARN_ABOUT_RETURN_TYPE = YES_ERROR;
				GCC_WARN_UNDECLARED_SELECTOR = YES;
				GCC_WARN_UNINITIALIZED_AUTOS = YES_AGGRESSIVE;
				GCC_WARN_UNUSED_FUNCTION = YES;
				GCC_WARN_UNUSED_VARIABLE = YES;
				IPHONEOS_DEPLOYMENT_TARGET = 15.5;
				MTL_ENABLE_DEBUG_INFO = INCLUDE_SOURCE;
				MTL_FAST_MATH = YES;
				ONLY_ACTIVE_ARCH = YES;
				SDKROOT = iphoneos;
				SWIFT_ACTIVE_COMPILATION_CONDITIONS = DEBUG;
				SWIFT_OPTIMIZATION_LEVEL = "-Onone";
			};
			name = Debug;
		};
		56AFBEA1298FB4EB00A2430D /* Release */ = {
			isa = XCBuildConfiguration;
			buildSettings = {
				ALWAYS_SEARCH_USER_PATHS = NO;
				CLANG_ANALYZER_NONNULL = YES;
				CLANG_ANALYZER_NUMBER_OBJECT_CONVERSION = YES_AGGRESSIVE;
				CLANG_CXX_LANGUAGE_STANDARD = "gnu++17";
				CLANG_ENABLE_MODULES = YES;
				CLANG_ENABLE_OBJC_ARC = YES;
				CLANG_ENABLE_OBJC_WEAK = YES;
				CLANG_WARN_BLOCK_CAPTURE_AUTORELEASING = YES;
				CLANG_WARN_BOOL_CONVERSION = YES;
				CLANG_WARN_COMMA = YES;
				CLANG_WARN_CONSTANT_CONVERSION = YES;
				CLANG_WARN_DEPRECATED_OBJC_IMPLEMENTATIONS = YES;
				CLANG_WARN_DIRECT_OBJC_ISA_USAGE = YES_ERROR;
				CLANG_WARN_DOCUMENTATION_COMMENTS = YES;
				CLANG_WARN_EMPTY_BODY = YES;
				CLANG_WARN_ENUM_CONVERSION = YES;
				CLANG_WARN_INFINITE_RECURSION = YES;
				CLANG_WARN_INT_CONVERSION = YES;
				CLANG_WARN_NON_LITERAL_NULL_CONVERSION = YES;
				CLANG_WARN_OBJC_IMPLICIT_RETAIN_SELF = YES;
				CLANG_WARN_OBJC_LITERAL_CONVERSION = YES;
				CLANG_WARN_OBJC_ROOT_CLASS = YES_ERROR;
				CLANG_WARN_QUOTED_INCLUDE_IN_FRAMEWORK_HEADER = YES;
				CLANG_WARN_RANGE_LOOP_ANALYSIS = YES;
				CLANG_WARN_STRICT_PROTOTYPES = YES;
				CLANG_WARN_SUSPICIOUS_MOVE = YES;
				CLANG_WARN_UNGUARDED_AVAILABILITY = YES_AGGRESSIVE;
				CLANG_WARN_UNREACHABLE_CODE = YES;
				CLANG_WARN__DUPLICATE_METHOD_MATCH = YES;
				COPY_PHASE_STRIP = NO;
				DEBUG_INFORMATION_FORMAT = "dwarf-with-dsym";
				ENABLE_NS_ASSERTIONS = NO;
				ENABLE_STRICT_OBJC_MSGSEND = YES;
				GCC_C_LANGUAGE_STANDARD = gnu11;
				GCC_NO_COMMON_BLOCKS = YES;
				GCC_WARN_64_TO_32_BIT_CONVERSION = YES;
				GCC_WARN_ABOUT_RETURN_TYPE = YES_ERROR;
				GCC_WARN_UNDECLARED_SELECTOR = YES;
				GCC_WARN_UNINITIALIZED_AUTOS = YES_AGGRESSIVE;
				GCC_WARN_UNUSED_FUNCTION = YES;
				GCC_WARN_UNUSED_VARIABLE = YES;
				IPHONEOS_DEPLOYMENT_TARGET = 15.5;
				MTL_ENABLE_DEBUG_INFO = NO;
				MTL_FAST_MATH = YES;
				SDKROOT = iphoneos;
				SWIFT_COMPILATION_MODE = wholemodule;
				SWIFT_OPTIMIZATION_LEVEL = "-O";
				VALIDATE_PRODUCT = YES;
			};
			name = Release;
		};
		56AFBEA3298FB4EB00A2430D /* Debug */ = {
			isa = XCBuildConfiguration;
			buildSettings = {
				ASSETCATALOG_COMPILER_APPICON_NAME = AppIcon;
				ASSETCATALOG_COMPILER_GLOBAL_ACCENT_COLOR_NAME = AccentColor;
				CODE_SIGN_STYLE = Automatic;
				CURRENT_PROJECT_VERSION = 1;
				DEVELOPMENT_ASSET_PATHS = "\"SwiftUiUber/Preview Content\"";
				DEVELOPMENT_TEAM = CJS2T38LF5;
				ENABLE_PREVIEWS = YES;
				GENERATE_INFOPLIST_FILE = YES;
				INFOPLIST_KEY_NSLocationAlwaysAndWhenInUseUsageDescription = "Please Allow us to access you location to find you nearby drivers and riders";
				INFOPLIST_KEY_NSLocationWhenInUseUsageDescription = "Please Allow us to access you location to find you nearby drivers and riders";
				INFOPLIST_KEY_UIApplicationSceneManifest_Generation = YES;
				INFOPLIST_KEY_UIApplicationSupportsIndirectInputEvents = YES;
				INFOPLIST_KEY_UILaunchScreen_Generation = YES;
				INFOPLIST_KEY_UISupportedInterfaceOrientations_iPad = "UIInterfaceOrientationPortrait UIInterfaceOrientationPortraitUpsideDown UIInterfaceOrientationLandscapeLeft UIInterfaceOrientationLandscapeRight";
				INFOPLIST_KEY_UISupportedInterfaceOrientations_iPhone = "UIInterfaceOrientationPortrait UIInterfaceOrientationLandscapeLeft UIInterfaceOrientationLandscapeRight";
				LD_RUNPATH_SEARCH_PATHS = (
					"$(inherited)",
					"@executable_path/Frameworks",
				);
				MARKETING_VERSION = 1.0;
				PRODUCT_BUNDLE_IDENTIFIER = com.ahron.SwiftUiUber;
				PRODUCT_NAME = "$(TARGET_NAME)";
				SWIFT_EMIT_LOC_STRINGS = YES;
				SWIFT_VERSION = 5.0;
				TARGETED_DEVICE_FAMILY = "1,2";
			};
			name = Debug;
		};
		56AFBEA4298FB4EB00A2430D /* Release */ = {
			isa = XCBuildConfiguration;
			buildSettings = {
				ASSETCATALOG_COMPILER_APPICON_NAME = AppIcon;
				ASSETCATALOG_COMPILER_GLOBAL_ACCENT_COLOR_NAME = AccentColor;
				CODE_SIGN_STYLE = Automatic;
				CURRENT_PROJECT_VERSION = 1;
				DEVELOPMENT_ASSET_PATHS = "\"SwiftUiUber/Preview Content\"";
				DEVELOPMENT_TEAM = CJS2T38LF5;
				ENABLE_PREVIEWS = YES;
				GENERATE_INFOPLIST_FILE = YES;
				INFOPLIST_KEY_NSLocationAlwaysAndWhenInUseUsageDescription = "Please Allow us to access you location to find you nearby drivers and riders";
				INFOPLIST_KEY_NSLocationWhenInUseUsageDescription = "Please Allow us to access you location to find you nearby drivers and riders";
				INFOPLIST_KEY_UIApplicationSceneManifest_Generation = YES;
				INFOPLIST_KEY_UIApplicationSupportsIndirectInputEvents = YES;
				INFOPLIST_KEY_UILaunchScreen_Generation = YES;
				INFOPLIST_KEY_UISupportedInterfaceOrientations_iPad = "UIInterfaceOrientationPortrait UIInterfaceOrientationPortraitUpsideDown UIInterfaceOrientationLandscapeLeft UIInterfaceOrientationLandscapeRight";
				INFOPLIST_KEY_UISupportedInterfaceOrientations_iPhone = "UIInterfaceOrientationPortrait UIInterfaceOrientationLandscapeLeft UIInterfaceOrientationLandscapeRight";
				LD_RUNPATH_SEARCH_PATHS = (
					"$(inherited)",
					"@executable_path/Frameworks",
				);
				MARKETING_VERSION = 1.0;
				PRODUCT_BUNDLE_IDENTIFIER = com.ahron.SwiftUiUber;
				PRODUCT_NAME = "$(TARGET_NAME)";
				SWIFT_EMIT_LOC_STRINGS = YES;
				SWIFT_VERSION = 5.0;
				TARGETED_DEVICE_FAMILY = "1,2";
			};
			name = Release;
		};
/* End XCBuildConfiguration section */

/* Begin XCConfigurationList section */
		56AFBE8A298FB4EA00A2430D /* Build configuration list for PBXProject "SwiftUiUber" */ = {
			isa = XCConfigurationList;
			buildConfigurations = (
				56AFBEA0298FB4EB00A2430D /* Debug */,
				56AFBEA1298FB4EB00A2430D /* Release */,
			);
			defaultConfigurationIsVisible = 0;
			defaultConfigurationName = Release;
		};
		56AFBEA2298FB4EB00A2430D /* Build configuration list for PBXNativeTarget "SwiftUiUber" */ = {
			isa = XCConfigurationList;
			buildConfigurations = (
				56AFBEA3298FB4EB00A2430D /* Debug */,
				56AFBEA4298FB4EB00A2430D /* Release */,
			);
			defaultConfigurationIsVisible = 0;
			defaultConfigurationName = Release;
		};
/* End XCConfigurationList section */

/* Begin XCVersionGroup section */
		56AFBE9D298FB4EB00A2430D /* SwiftUiUber.xcdatamodeld */ = {
			isa = XCVersionGroup;
			children = (
				56AFBE9E298FB4EB00A2430D /* SwiftUiUber.xcdatamodel */,
			);
			currentVersion = 56AFBE9E298FB4EB00A2430D /* SwiftUiUber.xcdatamodel */;
			path = SwiftUiUber.xcdatamodeld;
			sourceTree = "<group>";
			versionGroupType = wrapper.xcdatamodel;
		};
/* End XCVersionGroup section */
	};
	rootObject = 56AFBE87298FB4EA00A2430D /* Project object */;
}
